
Microsoft Visual Studio Solution File, Format Version 12.00
# Visual Studio 14
VisualStudioVersion = 14.0.25420.1
MinimumVisualStudioVersion = 10.0.40219.1
Project("{2150E333-8FDC-42A3-9474-1A3956D46DE8}") = "Engine", "Engine", "{EBF39DBB-2D60-46C1-89D8-A784F25B2B5D}"
EndProject
Project("{2150E333-8FDC-42A3-9474-1A3956D46DE8}") = "Games", "Games", "{EB13F355-DBC8-4AFE-AD9F-C000648271AB}"
EndProject
Project("{8BC9CEB8-8B4A-11D0-8D11-00A0C91BC942}") = "UE4", "Intermediate\ProjectFiles\UE4.vcxproj", "{8C209528-F983-43C4-ACED-B2AA19B21105}"
EndProject
Project("{8BC9CEB8-8B4A-11D0-8D11-00A0C91BC942}") = "OldDriverVR", "Intermediate\ProjectFiles\OldDriverVR.vcxproj", "{9C74F716-7B64-4C7F-9C60-EA694B9104BA}"
EndProject
Global
	GlobalSection(SolutionConfigurationPlatforms) = preSolution
		DebugGame Editor|Win32 = DebugGame Editor|Win32
		DebugGame Editor|Win64 = DebugGame Editor|Win64
		DebugGame|Win32 = DebugGame|Win32
		DebugGame|Win64 = DebugGame|Win64
		Development Editor|Win32 = Development Editor|Win32
		Development Editor|Win64 = Development Editor|Win64
		Development|Win32 = Development|Win32
		Development|Win64 = Development|Win64
		Shipping|Win32 = Shipping|Win32
		Shipping|Win64 = Shipping|Win64
	EndGlobalSection
	GlobalSection(ProjectConfigurationPlatforms) = postSolution
		{8C209528-F983-43C4-ACED-B2AA19B21105}.DebugGame Editor|Win32.ActiveCfg = BuiltWithUnrealBuildTool|Win32
		{8C209528-F983-43C4-ACED-B2AA19B21105}.DebugGame Editor|Win32.Build.0 = BuiltWithUnrealBuildTool|Win32
		{8C209528-F983-43C4-ACED-B2AA19B21105}.DebugGame Editor|Win64.ActiveCfg = BuiltWithUnrealBuildTool|Win32
		{8C209528-F983-43C4-ACED-B2AA19B21105}.DebugGame Editor|Win64.Build.0 = BuiltWithUnrealBuildTool|Win32
		{8C209528-F983-43C4-ACED-B2AA19B21105}.DebugGame|Win32.ActiveCfg = BuiltWithUnrealBuildTool|Win32
		{8C209528-F983-43C4-ACED-B2AA19B21105}.DebugGame|Win32.Build.0 = BuiltWithUnrealBuildTool|Win32
		{8C209528-F983-43C4-ACED-B2AA19B21105}.DebugGame|Win64.ActiveCfg = BuiltWithUnrealBuildTool|Win32
		{8C209528-F983-43C4-ACED-B2AA19B21105}.DebugGame|Win64.Build.0 = BuiltWithUnrealBuildTool|Win32
		{8C209528-F983-43C4-ACED-B2AA19B21105}.Development Editor|Win32.ActiveCfg = BuiltWithUnrealBuildTool|Win32
		{8C209528-F983-43C4-ACED-B2AA19B21105}.Development Editor|Win32.Build.0 = BuiltWithUnrealBuildTool|Win32
		{8C209528-F983-43C4-ACED-B2AA19B21105}.Development Editor|Win64.ActiveCfg = BuiltWithUnrealBuildTool|Win32
		{8C209528-F983-43C4-ACED-B2AA19B21105}.Development Editor|Win64.Build.0 = BuiltWithUnrealBuildTool|Win32
		{8C209528-F983-43C4-ACED-B2AA19B21105}.Development|Win32.ActiveCfg = BuiltWithUnrealBuildTool|Win32
		{8C209528-F983-43C4-ACED-B2AA19B21105}.Development|Win32.Build.0 = BuiltWithUnrealBuildTool|Win32
		{8C209528-F983-43C4-ACED-B2AA19B21105}.Development|Win64.ActiveCfg = BuiltWithUnrealBuildTool|Win32
		{8C209528-F983-43C4-ACED-B2AA19B21105}.Development|Win64.Build.0 = BuiltWithUnrealBuildTool|Win32
		{8C209528-F983-43C4-ACED-B2AA19B21105}.Shipping|Win32.ActiveCfg = BuiltWithUnrealBuildTool|Win32
		{8C209528-F983-43C4-ACED-B2AA19B21105}.Shipping|Win32.Build.0 = BuiltWithUnrealBuildTool|Win32
		{8C209528-F983-43C4-ACED-B2AA19B21105}.Shipping|Win64.ActiveCfg = BuiltWithUnrealBuildTool|Win32
		{8C209528-F983-43C4-ACED-B2AA19B21105}.Shipping|Win64.Build.0 = BuiltWithUnrealBuildTool|Win32
		{9C74F716-7B64-4C7F-9C60-EA694B9104BA}.DebugGame Editor|Win32.ActiveCfg = DebugGame_Editor|Win32
		{9C74F716-7B64-4C7F-9C60-EA694B9104BA}.DebugGame Editor|Win64.ActiveCfg = DebugGame_Editor|x64
		{9C74F716-7B64-4C7F-9C60-EA694B9104BA}.DebugGame Editor|Win64.Build.0 = DebugGame_Editor|x64
		{9C74F716-7B64-4C7F-9C60-EA694B9104BA}.DebugGame|Win32.ActiveCfg = DebugGame_Game|Win32
		{9C74F716-7B64-4C7F-9C60-EA694B9104BA}.DebugGame|Win32.Build.0 = DebugGame_Game|Win32
		{9C74F716-7B64-4C7F-9C60-EA694B9104BA}.DebugGame|Win64.ActiveCfg = DebugGame_Game|x64
		{9C74F716-7B64-4C7F-9C60-EA694B9104BA}.DebugGame|Win64.Build.0 = DebugGame_Game|x64
		{9C74F716-7B64-4C7F-9C60-EA694B9104BA}.Development Editor|Win32.ActiveCfg = Development_Editor|Win32
		{9C74F716-7B64-4C7F-9C60-EA694B9104BA}.Development Editor|Win64.ActiveCfg = Development_Editor|x64
		{9C74F716-7B64-4C7F-9C60-EA694B9104BA}.Development Editor|Win64.Build.0 = Development_Editor|x64
		{9C74F716-7B64-4C7F-9C60-EA694B9104BA}.Development|Win32.ActiveCfg = Development_Game|Win32
		{9C74F716-7B64-4C7F-9C60-EA694B9104BA}.Development|Win32.Build.0 = Development_Game|Win32
		{9C74F716-7B64-4C7F-9C60-EA694B9104BA}.Development|Win64.ActiveCfg = Development_Game|x64
		{9C74F716-7B64-4C7F-9C60-EA694B9104BA}.Development|Win64.Build.0 = Development_Game|x64
		{9C74F716-7B64-4C7F-9C60-EA694B9104BA}.Shipping|Win32.ActiveCfg = Shipping_Game|Win32
		{9C74F716-7B64-4C7F-9C60-EA694B9104BA}.Shipping|Win32.Build.0 = Shipping_Game|Win32
		{9C74F716-7B64-4C7F-9C60-EA694B9104BA}.Shipping|Win64.ActiveCfg = Shipping_Game|x64
		{9C74F716-7B64-4C7F-9C60-EA694B9104BA}.Shipping|Win64.Build.0 = Shipping_Game|x64
	EndGlobalSection
	GlobalSection(SolutionProperties) = preSolution
		HideSolutionNode = FALSE
	EndGlobalSection
	GlobalSection(NestedProjects) = preSolution
		{8C209528-F983-43C4-ACED-B2AA19B21105} = {EBF39DBB-2D60-46C1-89D8-A784F25B2B5D}
		{9C74F716-7B64-4C7F-9C60-EA694B9104BA} = {EB13F355-DBC8-4AFE-AD9F-C000648271AB}
	EndGlobalSection
EndGlobal
